{
  "name": "derpserver",
  "version": "1.0.0",
  "lockfileVersion": 1,
  "requires": true,
  "dependencies": {
    "@types/node": {
      "version": "13.9.8",
      "resolved": "https://registry.npmjs.org/@types/node/-/node-13.9.8.tgz",
      "integrity": "sha512-1WgO8hsyHynlx7nhP1kr0OFzsgKz5XDQL+Lfc3b1Q3qIln/n8cKD4m09NJ0+P1Rq7Zgnc7N0+SsMnoD1rEb0kA=="
    },
    "@types/ws": {
      "version": "7.2.3",
      "resolved": "https://registry.npmjs.org/@types/ws/-/ws-7.2.3.tgz",
      "integrity": "sha512-VT/GK7nvDA7lfHy40G3LKM+ICqmdIsBLBHGXcWD97MtqQEjNMX+7Gudo8YGpaSlYdTX7IFThhCE8Jx09HegymQ==",
      "requires": {
        "@types/node": "*"
      },
      "dependencies": {
        "@types/node": {
          "version": "13.9.8",
          "resolved": "https://registry.npmjs.org/@types/node/-/node-13.9.8.tgz",
          "integrity": "sha512-1WgO8hsyHynlx7nhP1kr0OFzsgKz5XDQL+Lfc3b1Q3qIln/n8cKD4m09NJ0+P1Rq7Zgnc7N0+SsMnoD1rEb0kA=="
        }
      }
    },
    "tslib": {
      "version": "1.11.1",
      "resolved": "https://registry.npmjs.org/tslib/-/tslib-1.11.1.tgz",
      "integrity": "sha512-aZW88SY8kQbU7gpV19lN24LtXh/yD4ZZg6qieAJDDg+YBsJcSmLGK9QpnUjAKVG/xefmvJGd1WUmfpT/g6AJGA=="
    },
    "typescript": {
      "version": "3.8.3",
      "resolved": "https://registry.npmjs.org/typescript/-/typescript-3.8.3.tgz",
      "integrity": "sha512-MYlEfn5VrLNsgudQTVJeNaQFUAI7DkhnOjdpAp4T+ku1TfQClewlbSuTVHiA+8skNBgaf02TL/kLOvig4y3G8w=="
    },
    "ws": {
      "version": "7.2.3",
      "resolved": "https://registry.npmjs.org/ws/-/ws-7.2.3.tgz",
      "integrity": "sha512-HTDl9G9hbkNDk98naoR/cHDws7+EyYMOdL1BmjsZXRUjf7d+MficC4B7HLUPlSiho0vg+CWKrGIt/VJBd1xunQ=="
    }
  }
}
